
Microsoft Visual Studio Solution File, Format Version 12.00
# Visual Studio Version 17
VisualStudioVersion = 17.10.34902.84
MinimumVisualStudioVersion = 10.0.40219.1
Project("{FAE04EC0-301F-11D3-BF4B-00C04F79EFBC}") = "WebApplication1", "WebApplication1\WebApplication1.csproj", "{B545C237-58CE-4F90-8D9F-16C98C4C0DC4}"
EndProject
Global
	GlobalSection(SolutionConfigurationPlatforms) = preSolution
		Debug|Any CPU = Debug|Any CPU
		Release|Any CPU = Release|Any CPU
	EndGlobalSection
	GlobalSection(ProjectConfigurationPlatforms) = postSolution
		{B545C237-58CE-4F90-8D9F-16C98C4C0DC4}.Debug|Any CPU.ActiveCfg = Debug|Any CPU
		{B545C237-58CE-4F90-8D9F-16C98C4C0DC4}.Debug|Any CPU.Build.0 = Debug|Any CPU
		{B545C237-58CE-4F90-8D9F-16C98C4C0DC4}.Release|Any CPU.ActiveCfg = Release|Any CPU
		{B545C237-58CE-4F90-8D9F-16C98C4C0DC4}.Release|Any CPU.Build.0 = Release|Any CPU
	EndGlobalSection
	GlobalSection(SolutionProperties) = preSolution
		HideSolutionNode = FALSE
	EndGlobalSection
	GlobalSection(ExtensibilityGlobals) = postSolution
		SolutionGuid = {EB6692A8-D807-445C-BE26-B6EA9DB8260D}
	EndGlobalSection
EndGlobal
